{
  "nodes": {
    "home-manager": {
      "inputs": {
        "nixpkgs": [
          "nixpkgs"
        ]
      },
      "locked": {
        "lastModified": 1745557122,
        "narHash": "sha256-eqSo9ugzsqhFgaDFYUZj943nurlX4L6f+AW0skJ4W+M=",
        "owner": "nix-community",
        "repo": "home-manager",
        "rev": "dd26f75fb4ec1c731d4b1396eaf4439ce40a91c1",
        "type": "github"
      },
      "original": {
        "owner": "nix-community",
        "ref": "release-24.11",
        "repo": "home-manager",
        "type": "github"
      }
    },
    "nixpkgs": {
      "locked": {
        "lastModified": 1745921652,
        "narHash": "sha256-hEAvEN+y/OQ7wA7+u3bFJwXSe8yoSf2QaOMH3hyTJTQ=",
        "owner": "NixOS",
        "repo": "nixpkgs",
        "rev": "b000159bba69b0106a42f65e52dbf27f77aca9d3",
        "type": "github"
      },
      "original": {
        "owner": "NixOS",
        "ref": "nixos-24.11",
        "repo": "nixpkgs",
        "type": "github"
      }
    },
    "nixpkgs-unstable": {
      "locked": {
        "lastModified": 1745934659,
        "narHash": "sha256-odZyAgjybOV1ha/lEoVL5HVOJw1YqFDfem9u3t+VB2o=",
        "owner": "nixos",
        "repo": "nixpkgs",
        "rev": "fbc071e5c11e23fba50037de37268e3d8a1858eb",
        "type": "github"
      },
      "original": {
        "owner": "nixos",
        "ref": "nixpkgs-unstable",
        "repo": "nixpkgs",
        "type": "github"
      }
    },
    "root": {
      "inputs": {
        "home-manager": "home-manager",
        "nixpkgs": "nixpkgs",
        "nixpkgs-unstable": "nixpkgs-unstable"
      }
    }
  },
  "root": "root",
  "version": 7
}
